
Microsoft Visual Studio Solution File, Format Version 12.00
# Visual Studio Version 16
VisualStudioVersion = 16.0.30128.74
MinimumVisualStudioVersion = 10.0.40219.1
Project("{FAE04EC0-301F-11D3-BF4B-00C04F79EFBC}") = "AUCTION2", "AUCTION2\AUCTION2.csproj", "{C740E977-7FAC-4E75-83EF-2957B78BA183}"
EndProject
Global
	GlobalSection(SolutionConfigurationPlatforms) = preSolution
		Debug|Any CPU = Debug|Any CPU
		Release|Any CPU = Release|Any CPU
	EndGlobalSection
	GlobalSection(ProjectConfigurationPlatforms) = postSolution
		{C740E977-7FAC-4E75-83EF-2957B78BA183}.Debug|Any CPU.ActiveCfg = Debug|Any CPU
		{C740E977-7FAC-4E75-83EF-2957B78BA183}.Debug|Any CPU.Build.0 = Debug|Any CPU
		{C740E977-7FAC-4E75-83EF-2957B78BA183}.Release|Any CPU.ActiveCfg = Release|Any CPU
		{C740E977-7FAC-4E75-83EF-2957B78BA183}.Release|Any CPU.Build.0 = Release|Any CPU
	EndGlobalSection
	GlobalSection(SolutionProperties) = preSolution
		HideSolutionNode = FALSE
	EndGlobalSection
	GlobalSection(ExtensibilityGlobals) = postSolution
		SolutionGuid = {EC38B700-40AF-4CB4-A4B6-496371D85C00}
	EndGlobalSection
EndGlobal
